// !$*UTF8*$!
{
	archiveVersion = 1;
	classes = {
	};
	objectVersion = 77;
	objects = {

/* Begin PBXBuildFile section */
		B6AC83A02E71880100347F35 /* YEOFR in Frameworks */ = {isa = PBXBuildFile; productRef = B6AC839F2E71880100347F35 /* YEOFR */; };
/* End PBXBuildFile section */

/* Begin PBXContainerItemProxy section */
		B6CF34082E5861E20031697D /* PBXContainerItemProxy */ = {
			isa = PBXContainerItemProxy;
			containerPortal = B6CF33EF2E5861E10031697D /* Project object */;
			proxyType = 1;
			remoteGlobalIDString = B6CF33F62E5861E10031697D;
			remoteInfo = YEOFRSampleApp;
		};
		B6CF34122E5861E20031697D /* PBXContainerItemProxy */ = {
			isa = PBXContainerItemProxy;
			containerPortal = B6CF33EF2E5861E10031697D /* Project object */;
			proxyType = 1;
			remoteGlobalIDString = B6CF33F62E5861E10031697D;
			remoteInfo = YEOFRSampleApp;
		};
/* End PBXContainerItemProxy section */

/* Begin PBXCopyFilesBuildPhase section */
		B6CF34282E5862B90031697D /* Embed Frameworks */ = {
			isa = PBXCopyFilesBuildPhase;
			buildActionMask = 2147483647;
			dstPath = "";
			dstSubfolderSpec = 10;
			files = (
			);
			name = "Embed Frameworks";
			runOnlyForDeploymentPostprocessing = 0;
		};
/* End PBXCopyFilesBuildPhase section */

/* Begin PBXFileReference section */
		B6CF33F72E5861E10031697D /* YEOFRSampleApp.app */ = {isa = PBXFileReference; explicitFileType = wrapper.application; includeInIndex = 0; path = YEOFRSampleApp.app; sourceTree = BUILT_PRODUCTS_DIR; };
		B6CF34072E5861E20031697D /* YEOFRSampleAppTests.xctest */ = {isa = PBXFileReference; explicitFileType = wrapper.cfbundle; includeInIndex = 0; path = YEOFRSampleAppTests.xctest; sourceTree = BUILT_PRODUCTS_DIR; };
		B6CF34112E5861E20031697D /* YEOFRSampleAppUITests.xctest */ = {isa = PBXFileReference; explicitFileType = wrapper.cfbundle; includeInIndex = 0; path = YEOFRSampleAppUITests.xctest; sourceTree = BUILT_PRODUCTS_DIR; };
/* End PBXFileReference section */

/* Begin PBXFileSystemSynchronizedRootGroup section */
		B6CF33F92E5861E10031697D /* YEOFRSampleApp */ = {
			isa = PBXFileSystemSynchronizedRootGroup;
			path = YEOFRSampleApp;
			sourceTree = "<group>";
		};
		B6CF340A2E5861E20031697D /* YEOFRSampleAppTests */ = {
			isa = PBXFileSystemSynchronizedRootGroup;
			path = YEOFRSampleAppTests;
			sourceTree = "<group>";
		};
		B6CF34142E5861E20031697D /* YEOFRSampleAppUITests */ = {
			isa = PBXFileSystemSynchronizedRootGroup;
			path = YEOFRSampleAppUITests;
			sourceTree = "<group>";
		};
/* End PBXFileSystemSynchronizedRootGroup section */

/* Begin PBXFrameworksBuildPhase section */
		B6CF33F42E5861E10031697D /* Frameworks */ = {
			isa = PBXFrameworksBuildPhase;
			buildActionMask = 2147483647;
			files = (
				B6AC83A02E71880100347F35 /* YEOFR in Frameworks */,
			);
			runOnlyForDeploymentPostprocessing = 0;
		};
		B6CF34042E5861E20031697D /* Frameworks */ = {
			isa = PBXFrameworksBuildPhase;
			buildActionMask = 2147483647;
			files = (
			);
			runOnlyForDeploymentPostprocessing = 0;
		};
		B6CF340E2E5861E20031697D /* Frameworks */ = {
			isa = PBXFrameworksBuildPhase;
			buildActionMask = 2147483647;
			files = (
			);
			runOnlyForDeploymentPostprocessing = 0;
		};
/* End PBXFrameworksBuildPhase section */

/* Begin PBXGroup section */
		B6CF33EE2E5861E10031697D = {
			isa = PBXGroup;
			children = (
				B6CF33F92E5861E10031697D /* YEOFRSampleApp */,
				B6CF340A2E5861E20031697D /* YEOFRSampleAppTests */,
				B6CF34142E5861E20031697D /* YEOFRSampleAppUITests */,
				B6CF34242E5862B90031697D /* Frameworks */,
				B6CF33F82E5861E10031697D /* Products */,
			);
			sourceTree = "<group>";
		};
		B6CF33F82E5861E10031697D /* Products */ = {
			isa = PBXGroup;
			children = (
				B6CF33F72E5861E10031697D /* YEOFRSampleApp.app */,
				B6CF34072E5861E20031697D /* YEOFRSampleAppTests.xctest */,
				B6CF34112E5861E20031697D /* YEOFRSampleAppUITests.xctest */,
			);
			name = Products;
			sourceTree = "<group>";
		};
		B6CF34242E5862B90031697D /* Frameworks */ = {
			isa = PBXGroup;
			children = (
			);
			name = Frameworks;
			sourceTree = "<group>";
		};
/* End PBXGroup section */

/* Begin PBXNativeTarget section */
		B6CF33F62E5861E10031697D /* YEOFRSampleApp */ = {
			isa = PBXNativeTarget;
			buildConfigurationList = B6CF341B2E5861E20031697D /* Build configuration list for PBXNativeTarget "YEOFRSampleApp" */;
			buildPhases = (
				B6CF33F32E5861E10031697D /* Sources */,
				B6CF33F42E5861E10031697D /* Frameworks */,
				B6CF33F52E5861E10031697D /* Resources */,
				B6CF34282E5862B90031697D /* Embed Frameworks */,
			);
			buildRules = (
			);
			dependencies = (
			);
			fileSystemSynchronizedGroups = (
				B6CF33F92E5861E10031697D /* YEOFRSampleApp */,
			);
			name = YEOFRSampleApp;
			packageProductDependencies = (
				B6AC839F2E71880100347F35 /* YEOFR */,
			);
			productName = YEOFRSampleApp;
			productReference = B6CF33F72E5861E10031697D /* YEOFRSampleApp.app */;
			productType = "com.apple.product-type.application";
		};
		B6CF34062E5861E20031697D /* YEOFRSampleAppTests */ = {
			isa = PBXNativeTarget;
			buildConfigurationList = B6CF341E2E5861E20031697D /* Build configuration list for PBXNativeTarget "YEOFRSampleAppTests" */;
			buildPhases = (
				B6CF34032E5861E20031697D /* Sources */,
				B6CF34042E5861E20031697D /* Frameworks */,
				B6CF34052E5861E20031697D /* Resources */,
			);
			buildRules = (
			);
			dependencies = (
				B6CF34092E5861E20031697D /* PBXTargetDependency */,
			);
			fileSystemSynchronizedGroups = (
				B6CF340A2E5861E20031697D /* YEOFRSampleAppTests */,
			);
			name = YEOFRSampleAppTests;
			packageProductDependencies = (
			);
			productName = YEOFRSampleAppTests;
			productReference = B6CF34072E5861E20031697D /* YEOFRSampleAppTests.xctest */;
			productType = "com.apple.product-type.bundle.unit-test";
		};
		B6CF34102E5861E20031697D /* YEOFRSampleAppUITests */ = {
			isa = PBXNativeTarget;
			buildConfigurationList = B6CF34212E5861E20031697D /* Build configuration list for PBXNativeTarget "YEOFRSampleAppUITests" */;
			buildPhases = (
				B6CF340D2E5861E20031697D /* Sources */,
				B6CF340E2E5861E20031697D /* Frameworks */,
				B6CF340F2E5861E20031697D /* Resources */,
			);
			buildRules = (
			);
			dependencies = (
				B6CF34132E5861E20031697D /* PBXTargetDependency */,
			);
			fileSystemSynchronizedGroups = (
				B6CF34142E5861E20031697D /* YEOFRSampleAppUITests */,
			);
			name = YEOFRSampleAppUITests;
			packageProductDependencies = (
			);
			productName = YEOFRSampleAppUITests;
			productReference = B6CF34112E5861E20031697D /* YEOFRSampleAppUITests.xctest */;
			productType = "com.apple.product-type.bundle.ui-testing";
		};
/* End PBXNativeTarget section */

/* Begin PBXProject section */
		B6CF33EF2E5861E10031697D /* Project object */ = {
			isa = PBXProject;
			attributes = {
				BuildIndependentTargetsInParallel = 1;
				LastSwiftUpdateCheck = 1620;
				LastUpgradeCheck = 1620;
				TargetAttributes = {
					B6CF33F62E5861E10031697D = {
						CreatedOnToolsVersion = 16.2;
					};
					B6CF34062E5861E20031697D = {
						CreatedOnToolsVersion = 16.2;
						TestTargetID = B6CF33F62E5861E10031697D;
					};
					B6CF34102E5861E20031697D = {
						CreatedOnToolsVersion = 16.2;
						TestTargetID = B6CF33F62E5861E10031697D;
					};
				};
			};
			buildConfigurationList = B6CF33F22E5861E10031697D /* Build configuration list for PBXProject "YEOFRSampleApp" */;
			developmentRegion = en;
			hasScannedForEncodings = 0;
			knownRegions = (
				en,
				Base,
			);
			mainGroup = B6CF33EE2E5861E10031697D;
			minimizedProjectReferenceProxies = 1;
			packageReferences = (
				B6AC839E2E71880100347F35 /* XCRemoteSwiftPackageReference "YEOFR-SPM" */,
			);
			preferredProjectObjectVersion = 77;
			productRefGroup = B6CF33F82E5861E10031697D /* Products */;
			projectDirPath = "";
			projectRoot = "";
			targets = (
				B6CF33F62E5861E10031697D /* YEOFRSampleApp */,
				B6CF34062E5861E20031697D /* YEOFRSampleAppTests */,
				B6CF34102E5861E20031697D /* YEOFRSampleAppUITests */,
			);
		};
/* End PBXProject section */

/* Begin PBXResourcesBuildPhase section */
		B6CF33F52E5861E10031697D /* Resources */ = {
			isa = PBXResourcesBuildPhase;
			buildActionMask = 2147483647;
			files = (
			);
			runOnlyForDeploymentPostprocessing = 0;
		};
		B6CF34052E5861E20031697D /* Resources */ = {
			isa = PBXResourcesBuildPhase;
			buildActionMask = 2147483647;
			files = (
			);
			runOnlyForDeploymentPostprocessing = 0;
		};
		B6CF340F2E5861E20031697D /* Resources */ = {
			isa = PBXResourcesBuildPhase;
			buildActionMask = 2147483647;
			files = (
			);
			runOnlyForDeploymentPostprocessing = 0;
		};
/* End PBXResourcesBuildPhase section */

/* Begin PBXSourcesBuildPhase section */
		B6CF33F32E5861E10031697D /* Sources */ = {
			isa = PBXSourcesBuildPhase;
			buildActionMask = 2147483647;
			files = (
			);
			runOnlyForDeploymentPostprocessing = 0;
		};
		B6CF34032E5861E20031697D /* Sources */ = {
			isa = PBXSourcesBuildPhase;
			buildActionMask = 2147483647;
			files = (
			);
			runOnlyForDeploymentPostprocessing = 0;
		};
		B6CF340D2E5861E20031697D /* Sources */ = {
			isa = PBXSourcesBuildPhase;
			buildActionMask = 2147483647;
			files = (
			);
			runOnlyForDeploymentPostprocessing = 0;
		};
/* End PBXSourcesBuildPhase section */

/* Begin PBXTargetDependency section */
		B6CF34092E5861E20031697D /* PBXTargetDependency */ = {
			isa = PBXTargetDependency;
			target = B6CF33F62E5861E10031697D /* YEOFRSampleApp */;
			targetProxy = B6CF34082E5861E20031697D /* PBXContainerItemProxy */;
		};
		B6CF34132E5861E20031697D /* PBXTargetDependency */ = {
			isa = PBXTargetDependency;
			target = B6CF33F62E5861E10031697D /* YEOFRSampleApp */;
			targetProxy = B6CF34122E5861E20031697D /* PBXContainerItemProxy */;
		};
/* End PBXTargetDependency section */

/* Begin XCBuildConfiguration section */
		B6CF34192E5861E20031697D /* Debug */ = {
			isa = XCBuildConfiguration;
			buildSettings = {
				ALWAYS_SEARCH_USER_PATHS = NO;
				ASSETCATALOG_COMPILER_GENERATE_SWIFT_ASSET_SYMBOL_EXTENSIONS = YES;
				CLANG_ANALYZER_NONNULL = YES;
				CLANG_ANALYZER_NUMBER_OBJECT_CONVERSION = YES_AGGRESSIVE;
				CLANG_CXX_LANGUAGE_STANDARD = "gnu++20";
				CLANG_ENABLE_MODULES = YES;
				CLANG_ENABLE_OBJC_ARC = YES;
				CLANG_ENABLE_OBJC_WEAK = YES;
				CLANG_WARN_BLOCK_CAPTURE_AUTORELEASING = YES;
				CLANG_WARN_BOOL_CONVERSION = YES;
				CLANG_WARN_COMMA = YES;
				CLANG_WARN_CONSTANT_CONVERSION = YES;
				CLANG_WARN_DEPRECATED_OBJC_IMPLEMENTATIONS = YES;
				CLANG_WARN_DIRECT_OBJC_ISA_USAGE = YES_ERROR;
				CLANG_WARN_DOCUMENTATION_COMMENTS = YES;
				CLANG_WARN_EMPTY_BODY = YES;
				CLANG_WARN_ENUM_CONVERSION = YES;
				CLANG_WARN_INFINITE_RECURSION = YES;
				CLANG_WARN_INT_CONVERSION = YES;
				CLANG_WARN_NON_LITERAL_NULL_CONVERSION = YES;
				CLANG_WARN_OBJC_IMPLICIT_RETAIN_SELF = YES;
				CLANG_WARN_OBJC_LITERAL_CONVERSION = YES;
				CLANG_WARN_OBJC_ROOT_CLASS = YES_ERROR;
				CLANG_WARN_QUOTED_INCLUDE_IN_FRAMEWORK_HEADER = YES;
				CLANG_WARN_RANGE_LOOP_ANALYSIS = YES;
				CLANG_WARN_STRICT_PROTOTYPES = YES;
				CLANG_WARN_SUSPICIOUS_MOVE = YES;
				CLANG_WARN_UNGUARDED_AVAILABILITY = YES_AGGRESSIVE;
				CLANG_WARN_UNREACHABLE_CODE = YES;
				CLANG_WARN__DUPLICATE_METHOD_MATCH = YES;
				COPY_PHASE_STRIP = NO;
				DEBUG_INFORMATION_FORMAT = dwarf;
				ENABLE_STRICT_OBJC_MSGSEND = YES;
				ENABLE_TESTABILITY = YES;
				ENABLE_USER_SCRIPT_SANDBOXING = YES;
				GCC_C_LANGUAGE_STANDARD = gnu17;
				GCC_DYNAMIC_NO_PIC = NO;
				GCC_NO_COMMON_BLOCKS = YES;
				GCC_OPTIMIZATION_LEVEL = 0;
				GCC_PREPROCESSOR_DEFINITIONS = (
					"DEBUG=1",
					"$(inherited)",
				);
				GCC_WARN_64_TO_32_BIT_CONVERSION = YES;
				GCC_WARN_ABOUT_RETURN_TYPE = YES_ERROR;
				GCC_WARN_UNDECLARED_SELECTOR = YES;
				GCC_WARN_UNINITIALIZED_AUTOS = YES_AGGRESSIVE;
				GCC_WARN_UNUSED_FUNCTION = YES;
				GCC_WARN_UNUSED_VARIABLE = YES;
				IPHONEOS_DEPLOYMENT_TARGET = 18.2;
				LOCALIZATION_PREFERS_STRING_CATALOGS = YES;
				MTL_ENABLE_DEBUG_INFO = INCLUDE_SOURCE;
				MTL_FAST_MATH = YES;
				ONLY_ACTIVE_ARCH = YES;
				SDKROOT = iphoneos;
				SWIFT_ACTIVE_COMPILATION_CONDITIONS = "DEBUG $(inherited)";
				SWIFT_OPTIMIZATION_LEVEL = "-Onone";
			};
			name = Debug;
		};
		B6CF341A2E5861E20031697D /* Release */ = {
			isa = XCBuildConfiguration;
			buildSettings = {
				ALWAYS_SEARCH_USER_PATHS = NO;
				ASSETCATALOG_COMPILER_GENERATE_SWIFT_ASSET_SYMBOL_EXTENSIONS = YES;
				CLANG_ANALYZER_NONNULL = YES;
				CLANG_ANALYZER_NUMBER_OBJECT_CONVERSION = YES_AGGRESSIVE;
				CLANG_CXX_LANGUAGE_STANDARD = "gnu++20";
				CLANG_ENABLE_MODULES = YES;
				CLANG_ENABLE_OBJC_ARC = YES;
				CLANG_ENABLE_OBJC_WEAK = YES;
				CLANG_WARN_BLOCK_CAPTURE_AUTORELEASING = YES;
				CLANG_WARN_BOOL_CONVERSION = YES;
				CLANG_WARN_COMMA = YES;
				CLANG_WARN_CONSTANT_CONVERSION = YES;
				CLANG_WARN_DEPRECATED_OBJC_IMPLEMENTATIONS = YES;
				CLANG_WARN_DIRECT_OBJC_ISA_USAGE = YES_ERROR;
				CLANG_WARN_DOCUMENTATION_COMMENTS = YES;
				CLANG_WARN_EMPTY_BODY = YES;
				CLANG_WARN_ENUM_CONVERSION = YES;
				CLANG_WARN_INFINITE_RECURSION = YES;
				CLANG_WARN_INT_CONVERSION = YES;
				CLANG_WARN_NON_LITERAL_NULL_CONVERSION = YES;
				CLANG_WARN_OBJC_IMPLICIT_RETAIN_SELF = YES;
				CLANG_WARN_OBJC_LITERAL_CONVERSION = YES;
				CLANG_WARN_OBJC_ROOT_CLASS = YES_ERROR;
				CLANG_WARN_QUOTED_INCLUDE_IN_FRAMEWORK_HEADER = YES;
				CLANG_WARN_RANGE_LOOP_ANALYSIS = YES;
				CLANG_WARN_STRICT_PROTOTYPES = YES;
				CLANG_WARN_SUSPICIOUS_MOVE = YES;
				CLANG_WARN_UNGUARDED_AVAILABILITY = YES_AGGRESSIVE;
				CLANG_WARN_UNREACHABLE_CODE = YES;
				CLANG_WARN__DUPLICATE_METHOD_MATCH = YES;
				COPY_PHASE_STRIP = NO;
				DEBUG_INFORMATION_FORMAT = "dwarf-with-dsym";
				ENABLE_NS_ASSERTIONS = NO;
				ENABLE_STRICT_OBJC_MSGSEND = YES;
				ENABLE_USER_SCRIPT_SANDBOXING = YES;
				GCC_C_LANGUAGE_STANDARD = gnu17;
				GCC_NO_COMMON_BLOCKS = YES;
				GCC_WARN_64_TO_32_BIT_CONVERSION = YES;
				GCC_WARN_ABOUT_RETURN_TYPE = YES_ERROR;
				GCC_WARN_UNDECLARED_SELECTOR = YES;
				GCC_WARN_UNINITIALIZED_AUTOS = YES_AGGRESSIVE;
				GCC_WARN_UNUSED_FUNCTION = YES;
				GCC_WARN_UNUSED_VARIABLE = YES;
				IPHONEOS_DEPLOYMENT_TARGET = 18.2;
				LOCALIZATION_PREFERS_STRING_CATALOGS = YES;
				MTL_ENABLE_DEBUG_INFO = NO;
				MTL_FAST_MATH = YES;
				SDKROOT = iphoneos;
				SWIFT_COMPILATION_MODE = wholemodule;
				VALIDATE_PRODUCT = YES;
			};
			name = Release;
		};
		B6CF341C2E5861E20031697D /* Debug */ = {
			isa = XCBuildConfiguration;
			buildSettings = {
				ASSETCATALOG_COMPILER_APPICON_NAME = AppIcon;
				ASSETCATALOG_COMPILER_GLOBAL_ACCENT_COLOR_NAME = AccentColor;
				CODE_SIGN_STYLE = Automatic;
				CURRENT_PROJECT_VERSION = 3;
				DEVELOPMENT_ASSET_PATHS = "\"YEOFRSampleApp/Preview Content\"";
				DEVELOPMENT_TEAM = 6X87U3JXJD;
				ENABLE_PREVIEWS = YES;
				GENERATE_INFOPLIST_FILE = YES;
				INFOPLIST_KEY_NSCameraUsageDescription = "Needed for video";
				INFOPLIST_KEY_UIApplicationSceneManifest_Generation = YES;
				INFOPLIST_KEY_UIApplicationSupportsIndirectInputEvents = YES;
				INFOPLIST_KEY_UILaunchScreen_Generation = YES;
				INFOPLIST_KEY_UIRequiresFullScreen = YES;
				INFOPLIST_KEY_UISupportedInterfaceOrientations = UIInterfaceOrientationPortrait;
				INFOPLIST_KEY_UISupportedInterfaceOrientations_iPad = "UIInterfaceOrientationLandscapeLeft UIInterfaceOrientationLandscapeRight UIInterfaceOrientationPortrait UIInterfaceOrientationPortraitUpsideDown";
				LD_RUNPATH_SEARCH_PATHS = (
					"$(inherited)",
					"@executable_path/Frameworks",
				);
				MARKETING_VERSION = 0.1;
				PRODUCT_BUNDLE_IDENTIFIER = com.youreyeonly.yeofrsampleapp;
				PRODUCT_NAME = "$(TARGET_NAME)";
				SUPPORTED_PLATFORMS = "iphoneos iphonesimulator";
				SUPPORTS_MACCATALYST = NO;
				SUPPORTS_MAC_DESIGNED_FOR_IPHONE_IPAD = NO;
				SUPPORTS_XR_DESIGNED_FOR_IPHONE_IPAD = NO;
				SWIFT_EMIT_LOC_STRINGS = YES;
				SWIFT_VERSION = 5.0;
				TARGETED_DEVICE_FAMILY = "1,2";
			};
			name = Debug;
		};
		B6CF341D2E5861E20031697D /* Release */ = {
			isa = XCBuildConfiguration;
			buildSettings = {
				ASSETCATALOG_COMPILER_APPICON_NAME = AppIcon;
				ASSETCATALOG_COMPILER_GLOBAL_ACCENT_COLOR_NAME = AccentColor;
				CODE_SIGN_STYLE = Automatic;
				CURRENT_PROJECT_VERSION = 3;
				DEVELOPMENT_ASSET_PATHS = "\"YEOFRSampleApp/Preview Content\"";
				DEVELOPMENT_TEAM = 6X87U3JXJD;
				ENABLE_PREVIEWS = YES;
				GENERATE_INFOPLIST_FILE = YES;
				INFOPLIST_KEY_NSCameraUsageDescription = "Needed for video";
				INFOPLIST_KEY_UIApplicationSceneManifest_Generation = YES;
				INFOPLIST_KEY_UIApplicationSupportsIndirectInputEvents = YES;
				INFOPLIST_KEY_UILaunchScreen_Generation = YES;
				INFOPLIST_KEY_UIRequiresFullScreen = YES;
				INFOPLIST_KEY_UISupportedInterfaceOrientations = UIInterfaceOrientationPortrait;
				INFOPLIST_KEY_UISupportedInterfaceOrientations_iPad = "UIInterfaceOrientationLandscapeLeft UIInterfaceOrientationLandscapeRight UIInterfaceOrientationPortrait UIInterfaceOrientationPortraitUpsideDown";
				LD_RUNPATH_SEARCH_PATHS = (
					"$(inherited)",
					"@executable_path/Frameworks",
				);
				MARKETING_VERSION = 0.1;
				PRODUCT_BUNDLE_IDENTIFIER = com.youreyeonly.yeofrsampleapp;
				PRODUCT_NAME = "$(TARGET_NAME)";
				SUPPORTED_PLATFORMS = "iphoneos iphonesimulator";
				SUPPORTS_MACCATALYST = NO;
				SUPPORTS_MAC_DESIGNED_FOR_IPHONE_IPAD = NO;
				SUPPORTS_XR_DESIGNED_FOR_IPHONE_IPAD = NO;
				SWIFT_EMIT_LOC_STRINGS = YES;
				SWIFT_VERSION = 5.0;
				TARGETED_DEVICE_FAMILY = "1,2";
			};
			name = Release;
		};
		B6CF341F2E5861E20031697D /* Debug */ = {
			isa = XCBuildConfiguration;
			buildSettings = {
				BUNDLE_LOADER = "$(TEST_HOST)";
				CODE_SIGN_STYLE = Automatic;
				CURRENT_PROJECT_VERSION = 1;
				DEVELOPMENT_TEAM = 6X87U3JXJD;
				GENERATE_INFOPLIST_FILE = YES;
				IPHONEOS_DEPLOYMENT_TARGET = 18.2;
				MARKETING_VERSION = 1.0;
				PRODUCT_BUNDLE_IDENTIFIER = com.youreyeonly.yeofrsampleapptests;
				PRODUCT_NAME = "$(TARGET_NAME)";
				SWIFT_EMIT_LOC_STRINGS = NO;
				SWIFT_VERSION = 5.0;
				TARGETED_DEVICE_FAMILY = "1,2";
				TEST_HOST = "$(BUILT_PRODUCTS_DIR)/YEOFRSampleApp.app/$(BUNDLE_EXECUTABLE_FOLDER_PATH)/YEOFRSampleApp";
			};
			name = Debug;
		};
		B6CF34202E5861E20031697D /* Release */ = {
			isa = XCBuildConfiguration;
			buildSettings = {
				BUNDLE_LOADER = "$(TEST_HOST)";
				CODE_SIGN_STYLE = Automatic;
				CURRENT_PROJECT_VERSION = 1;
				DEVELOPMENT_TEAM = 6X87U3JXJD;
				GENERATE_INFOPLIST_FILE = YES;
				IPHONEOS_DEPLOYMENT_TARGET = 18.2;
				MARKETING_VERSION = 1.0;
				PRODUCT_BUNDLE_IDENTIFIER = com.youreyeonly.yeofrsampleapptests;
				PRODUCT_NAME = "$(TARGET_NAME)";
				SWIFT_EMIT_LOC_STRINGS = NO;
				SWIFT_VERSION = 5.0;
				TARGETED_DEVICE_FAMILY = "1,2";
				TEST_HOST = "$(BUILT_PRODUCTS_DIR)/YEOFRSampleApp.app/$(BUNDLE_EXECUTABLE_FOLDER_PATH)/YEOFRSampleApp";
			};
			name = Release;
		};
		B6CF34222E5861E20031697D /* Debug */ = {
			isa = XCBuildConfiguration;
			buildSettings = {
				CODE_SIGN_STYLE = Automatic;
				CURRENT_PROJECT_VERSION = 1;
				DEVELOPMENT_TEAM = 6X87U3JXJD;
				GENERATE_INFOPLIST_FILE = YES;
				MARKETING_VERSION = 1.0;
				PRODUCT_BUNDLE_IDENTIFIER = com.youreyeonly.yeofrsampleappuitests;
				PRODUCT_NAME = "$(TARGET_NAME)";
				SWIFT_EMIT_LOC_STRINGS = NO;
				SWIFT_VERSION = 5.0;
				TARGETED_DEVICE_FAMILY = "1,2";
				TEST_TARGET_NAME = YEOFRSampleApp;
			};
			name = Debug;
		};
		B6CF34232E5861E20031697D /* Release */ = {
			isa = XCBuildConfiguration;
			buildSettings = {
				CODE_SIGN_STYLE = Automatic;
				CURRENT_PROJECT_VERSION = 1;
				DEVELOPMENT_TEAM = 6X87U3JXJD;
				GENERATE_INFOPLIST_FILE = YES;
				MARKETING_VERSION = 1.0;
				PRODUCT_BUNDLE_IDENTIFIER = com.youreyeonly.yeofrsampleappuitests;
				PRODUCT_NAME = "$(TARGET_NAME)";
				SWIFT_EMIT_LOC_STRINGS = NO;
				SWIFT_VERSION = 5.0;
				TARGETED_DEVICE_FAMILY = "1,2";
				TEST_TARGET_NAME = YEOFRSampleApp;
			};
			name = Release;
		};
/* End XCBuildConfiguration section */

/* Begin XCConfigurationList section */
		B6CF33F22E5861E10031697D /* Build configuration list for PBXProject "YEOFRSampleApp" */ = {
			isa = XCConfigurationList;
			buildConfigurations = (
				B6CF34192E5861E20031697D /* Debug */,
				B6CF341A2E5861E20031697D /* Release */,
			);
			defaultConfigurationIsVisible = 0;
			defaultConfigurationName = Release;
		};
		B6CF341B2E5861E20031697D /* Build configuration list for PBXNativeTarget "YEOFRSampleApp" */ = {
			isa = XCConfigurationList;
			buildConfigurations = (
				B6CF341C2E5861E20031697D /* Debug */,
				B6CF341D2E5861E20031697D /* Release */,
			);
			defaultConfigurationIsVisible = 0;
			defaultConfigurationName = Release;
		};
		B6CF341E2E5861E20031697D /* Build configuration list for PBXNativeTarget "YEOFRSampleAppTests" */ = {
			isa = XCConfigurationList;
			buildConfigurations = (
				B6CF341F2E5861E20031697D /* Debug */,
				B6CF34202E5861E20031697D /* Release */,
			);
			defaultConfigurationIsVisible = 0;
			defaultConfigurationName = Release;
		};
		B6CF34212E5861E20031697D /* Build configuration list for PBXNativeTarget "YEOFRSampleAppUITests" */ = {
			isa = XCConfigurationList;
			buildConfigurations = (
				B6CF34222E5861E20031697D /* Debug */,
				B6CF34232E5861E20031697D /* Release */,
			);
			defaultConfigurationIsVisible = 0;
			defaultConfigurationName = Release;
		};
/* End XCConfigurationList section */

/* Begin XCRemoteSwiftPackageReference section */
		B6AC839E2E71880100347F35 /* XCRemoteSwiftPackageReference "YEOFR-SPM" */ = {
			isa = XCRemoteSwiftPackageReference;
			repositoryURL = "https://github.com/YEOMessaging/YEOFR-SPM";
			requirement = {
				kind = upToNextMajorVersion;
				minimumVersion = 0.1.0;
			};
		};
/* End XCRemoteSwiftPackageReference section */

/* Begin XCSwiftPackageProductDependency section */
		B6AC839F2E71880100347F35 /* YEOFR */ = {
			isa = XCSwiftPackageProductDependency;
			package = B6AC839E2E71880100347F35 /* XCRemoteSwiftPackageReference "YEOFR-SPM" */;
			productName = YEOFR;
		};
/* End XCSwiftPackageProductDependency section */
	};
	rootObject = B6CF33EF2E5861E10031697D /* Project object */;
}
