{
  "originHash" : "86ff35bf8df20360995d08117862da73aaae530cb9648b9177e91054747715bc",
  "pins" : [
    {
      "identity" : "yeofr-spm",
      "kind" : "remoteSourceControl",
      "location" : "https://github.com/YEOMessaging/YEOFR-SPM",
      "state" : {
        "revision" : "ac7c457bf974ce2c75a42b7e914ff51c8db23f8e",
        "version" : "0.1.2"
      }
    }
  ],
  "version" : 3
}
